{
  "name": "megalo-rich-text",
  "version": "0.0.1",
  "lockfileVersion": 1,
  "requires": true,
  "dependencies": {
    "octoparse2": {
      "version": "0.0.1",
      "resolved": "https://registry.npmjs.org/octoparse2/-/octoparse2-0.0.1.tgz",
      "integrity": "sha512-K2Kiu75OmZftNQfLSK3PJo9dp4Z02UQJgOVhxd5+YNgng3g6wsW89SwcY1d9AlMA4KiF2BsTRMsxeLWBUO6aHA=="
    }
  }
}
