# THIS IS AN AUTOGENERATED FILE. DO NOT EDIT THIS FILE DIRECTLY.
# yarn lockfile v1


octoparse2@^0.0.1:
  version "0.0.1"
  resolved "https://registry.yarnpkg.com/octoparse2/-/octoparse2-0.0.1.tgz#a9a1e92725ffa86d6a90bdc82058d5a414076a0b"
  integrity sha512-K2Kiu75OmZftNQfLSK3PJo9dp4Z02UQJgOVhxd5+YNgng3g6wsW89SwcY1d9AlMA4KiF2BsTRMsxeLWBUO6aHA==
